
Microsoft Visual Studio Solution File, Format Version 12.00
# Visual Studio 15
Project("{FAE04EC0-301F-11D3-BF4B-00C04F79EFBC}") = "Assembly-CSharp", "Assembly-CSharp.csproj", "{A66C8DDC-F04E-EF4E-5D55-13DB71D4C646}"
EndProject
Project("{FAE04EC0-301F-11D3-BF4B-00C04F79EFBC}") = "Assembly-CSharp-Editor", "Assembly-CSharp-Editor.csproj", "{5360C2EA-9972-B568-A7F4-3DD66A6AA667}"
EndProject
Global
	GlobalSection(SolutionConfigurationPlatforms) = preSolution
		Debug|Any CPU = Debug|Any CPU
		Release|Any CPU = Release|Any CPU
	EndGlobalSection
	GlobalSection(ProjectConfigurationPlatforms) = postSolution
		{A66C8DDC-F04E-EF4E-5D55-13DB71D4C646}.Debug|Any CPU.ActiveCfg = Debug|Any CPU
		{A66C8DDC-F04E-EF4E-5D55-13DB71D4C646}.Debug|Any CPU.Build.0 = Debug|Any CPU
		{A66C8DDC-F04E-EF4E-5D55-13DB71D4C646}.Release|Any CPU.ActiveCfg = Release|Any CPU
		{A66C8DDC-F04E-EF4E-5D55-13DB71D4C646}.Release|Any CPU.Build.0 = Release|Any CPU
		{5360C2EA-9972-B568-A7F4-3DD66A6AA667}.Debug|Any CPU.ActiveCfg = Debug|Any CPU
		{5360C2EA-9972-B568-A7F4-3DD66A6AA667}.Debug|Any CPU.Build.0 = Debug|Any CPU
		{5360C2EA-9972-B568-A7F4-3DD66A6AA667}.Release|Any CPU.ActiveCfg = Release|Any CPU
		{5360C2EA-9972-B568-A7F4-3DD66A6AA667}.Release|Any CPU.Build.0 = Release|Any CPU
	EndGlobalSection
	GlobalSection(SolutionProperties) = preSolution
		HideSolutionNode = FALSE
	EndGlobalSection
EndGlobal
